
Microsoft Visual Studio Solution File, Format Version 12.00
# Visual Studio Version 17
VisualStudioVersion = 17.6.33712.159
MinimumVisualStudioVersion = 10.0.40219.1
Project("{FAE04EC0-301F-11D3-BF4B-00C04F79EFBC}") = "smtpEmail", "smtpEmail\smtpEmail.csproj", "{EC098933-735C-4C26-A6B0-EC159A5027B3}"
EndProject
Global
	GlobalSection(SolutionConfigurationPlatforms) = preSolution
		Debug|Any CPU = Debug|Any CPU
		Release|Any CPU = Release|Any CPU
	EndGlobalSection
	GlobalSection(ProjectConfigurationPlatforms) = postSolution
		{EC098933-735C-4C26-A6B0-EC159A5027B3}.Debug|Any CPU.ActiveCfg = Debug|Any CPU
		{EC098933-735C-4C26-A6B0-EC159A5027B3}.Debug|Any CPU.Build.0 = Debug|Any CPU
		{EC098933-735C-4C26-A6B0-EC159A5027B3}.Release|Any CPU.ActiveCfg = Release|Any CPU
		{EC098933-735C-4C26-A6B0-EC159A5027B3}.Release|Any CPU.Build.0 = Release|Any CPU
	EndGlobalSection
	GlobalSection(SolutionProperties) = preSolution
		HideSolutionNode = FALSE
	EndGlobalSection
	GlobalSection(ExtensibilityGlobals) = postSolution
		SolutionGuid = {F9907971-4F07-4626-832A-8EA2739F146A}
	EndGlobalSection
EndGlobal
